// !$*UTF8*$!
{
	archiveVersion = 1;
	classes = {
	};
	objectVersion = 55;
	objects = {

/* Begin PBXBuildFile section */
		2E7FDDF32BD006170007B6A5 /* MADDApp.swift in Sources */ = {isa = PBXBuildFile; fileRef = 2E7FDDF22BD006170007B6A5 /* MADDApp.swift */; };
		2E7FDDF52BD006170007B6A5 /* ContentView.swift in Sources */ = {isa = PBXBuildFile; fileRef = 2E7FDDF42BD006170007B6A5 /* ContentView.swift */; };
		2E7FDDF72BD0061C0007B6A5 /* Assets.xcassets in Resources */ = {isa = PBXBuildFile; fileRef = 2E7FDDF62BD0061C0007B6A5 /* Assets.xcassets */; };
		2E7FDDFA2BD0061C0007B6A5 /* Preview Assets.xcassets in Resources */ = {isa = PBXBuildFile; fileRef = 2E7FDDF92BD0061C0007B6A5 /* Preview Assets.xcassets */; };
		2E7FDE042BD0061D0007B6A5 /* MADDTests.swift in Sources */ = {isa = PBXBuildFile; fileRef = 2E7FDE032BD0061D0007B6A5 /* MADDTests.swift */; };
		2E7FDE0E2BD0061D0007B6A5 /* MADDUITests.swift in Sources */ = {isa = PBXBuildFile; fileRef = 2E7FDE0D2BD0061D0007B6A5 /* MADDUITests.swift */; };
		2E7FDE102BD0061E0007B6A5 /* MADDUITestsLaunchTests.swift in Sources */ = {isa = PBXBuildFile; fileRef = 2E7FDE0F2BD0061E0007B6A5 /* MADDUITestsLaunchTests.swift */; };
/* End PBXBuildFile section */

/* Begin PBXContainerItemProxy section */
		2E7FDE002BD0061D0007B6A5 /* PBXContainerItemProxy */ = {
			isa = PBXContainerItemProxy;
			containerPortal = 2E7FDDE72BD006160007B6A5 /* Project object */;
			proxyType = 1;
			remoteGlobalIDString = 2E7FDDEE2BD006160007B6A5;
			remoteInfo = MADD;
		};
		2E7FDE0A2BD0061D0007B6A5 /* PBXContainerItemProxy */ = {
			isa = PBXContainerItemProxy;
			containerPortal = 2E7FDDE72BD006160007B6A5 /* Project object */;
			proxyType = 1;
			remoteGlobalIDString = 2E7FDDEE2BD006160007B6A5;
			remoteInfo = MADD;
		};
/* End PBXContainerItemProxy section */

/* Begin PBXFileReference section */
		2E7FDDEF2BD006170007B6A5 /* MADD.app */ = {isa = PBXFileReference; explicitFileType = wrapper.application; includeInIndex = 0; path = MADD.app; sourceTree = BUILT_PRODUCTS_DIR; };
		2E7FDDF22BD006170007B6A5 /* MADDApp.swift */ = {isa = PBXFileReference; lastKnownFileType = sourcecode.swift; path = MADDApp.swift; sourceTree = "<group>"; };
		2E7FDDF42BD006170007B6A5 /* ContentView.swift */ = {isa = PBXFileReference; lastKnownFileType = sourcecode.swift; path = ContentView.swift; sourceTree = "<group>"; };
		2E7FDDF62BD0061C0007B6A5 /* Assets.xcassets */ = {isa = PBXFileReference; lastKnownFileType = folder.assetcatalog; path = Assets.xcassets; sourceTree = "<group>"; };
		2E7FDDF92BD0061C0007B6A5 /* Preview Assets.xcassets */ = {isa = PBXFileReference; lastKnownFileType = folder.assetcatalog; path = "Preview Assets.xcassets"; sourceTree = "<group>"; };
		2E7FDDFF2BD0061D0007B6A5 /* MADDTests.xctest */ = {isa = PBXFileReference; explicitFileType = wrapper.cfbundle; includeInIndex = 0; path = MADDTests.xctest; sourceTree = BUILT_PRODUCTS_DIR; };
		2E7FDE032BD0061D0007B6A5 /* MADDTests.swift */ = {isa = PBXFileReference; lastKnownFileType = sourcecode.swift; path = MADDTests.swift; sourceTree = "<group>"; };
		2E7FDE092BD0061D0007B6A5 /* MADDUITests.xctest */ = {isa = PBXFileReference; explicitFileType = wrapper.cfbundle; includeInIndex = 0; path = MADDUITests.xctest; sourceTree = BUILT_PRODUCTS_DIR; };
		2E7FDE0D2BD0061D0007B6A5 /* MADDUITests.swift */ = {isa = PBXFileReference; lastKnownFileType = sourcecode.swift; path = MADDUITests.swift; sourceTree = "<group>"; };
		2E7FDE0F2BD0061E0007B6A5 /* MADDUITestsLaunchTests.swift */ = {isa = PBXFileReference; lastKnownFileType = sourcecode.swift; path = MADDUITestsLaunchTests.swift; sourceTree = "<group>"; };
/* End PBXFileReference section */

/* Begin PBXFrameworksBuildPhase section */
		2E7FDDEC2BD006160007B6A5 /* Frameworks */ = {
			isa = PBXFrameworksBuildPhase;
			buildActionMask = 2147483647;
			files = (
			);
			runOnlyForDeploymentPostprocessing = 0;
		};
		2E7FDDFC2BD0061D0007B6A5 /* Frameworks */ = {
			isa = PBXFrameworksBuildPhase;
			buildActionMask = 2147483647;
			files = (
			);
			runOnlyForDeploymentPostprocessing = 0;
		};
		2E7FDE062BD0061D0007B6A5 /* Frameworks */ = {
			isa = PBXFrameworksBuildPhase;
			buildActionMask = 2147483647;
			files = (
			);
			runOnlyForDeploymentPostprocessing = 0;
		};
/* End PBXFrameworksBuildPhase section */

/* Begin PBXGroup section */
		2E7FDDE62BD006160007B6A5 = {
			isa = PBXGroup;
			children = (
				2E7FDDF12BD006170007B6A5 /* MADD */,
				2E7FDE022BD0061D0007B6A5 /* MADDTests */,
				2E7FDE0C2BD0061D0007B6A5 /* MADDUITests */,
				2E7FDDF02BD006170007B6A5 /* Products */,
			);
			sourceTree = "<group>";
		};
		2E7FDDF02BD006170007B6A5 /* Products */ = {
			isa = PBXGroup;
			children = (
				2E7FDDEF2BD006170007B6A5 /* MADD.app */,
				2E7FDDFF2BD0061D0007B6A5 /* MADDTests.xctest */,
				2E7FDE092BD0061D0007B6A5 /* MADDUITests.xctest */,
			);
			name = Products;
			sourceTree = "<group>";
		};
		2E7FDDF12BD006170007B6A5 /* MADD */ = {
			isa = PBXGroup;
			children = (
				2E7FDDF22BD006170007B6A5 /* MADDApp.swift */,
				2E7FDDF42BD006170007B6A5 /* ContentView.swift */,
				2E7FDDF62BD0061C0007B6A5 /* Assets.xcassets */,
				2E7FDDF82BD0061C0007B6A5 /* Preview Content */,
			);
			path = MADD;
			sourceTree = "<group>";
		};
		2E7FDDF82BD0061C0007B6A5 /* Preview Content */ = {
			isa = PBXGroup;
			children = (
				2E7FDDF92BD0061C0007B6A5 /* Preview Assets.xcassets */,
			);
			path = "Preview Content";
			sourceTree = "<group>";
		};
		2E7FDE022BD0061D0007B6A5 /* MADDTests */ = {
			isa = PBXGroup;
			children = (
				2E7FDE032BD0061D0007B6A5 /* MADDTests.swift */,
			);
			path = MADDTests;
			sourceTree = "<group>";
		};
		2E7FDE0C2BD0061D0007B6A5 /* MADDUITests */ = {
			isa = PBXGroup;
			children = (
				2E7FDE0D2BD0061D0007B6A5 /* MADDUITests.swift */,
				2E7FDE0F2BD0061E0007B6A5 /* MADDUITestsLaunchTests.swift */,
			);
			path = MADDUITests;
			sourceTree = "<group>";
		};
/* End PBXGroup section */

/* Begin PBXNativeTarget section */
		2E7FDDEE2BD006160007B6A5 /* MADD */ = {
			isa = PBXNativeTarget;
			buildConfigurationList = 2E7FDE132BD0061E0007B6A5 /* Build configuration list for PBXNativeTarget "MADD" */;
			buildPhases = (
				2E7FDDEB2BD006160007B6A5 /* Sources */,
				2E7FDDEC2BD006160007B6A5 /* Frameworks */,
				2E7FDDED2BD006160007B6A5 /* Resources */,
			);
			buildRules = (
			);
			dependencies = (
			);
			name = MADD;
			productName = MADD;
			productReference = 2E7FDDEF2BD006170007B6A5 /* MADD.app */;
			productType = "com.apple.product-type.application";
		};
		2E7FDDFE2BD0061D0007B6A5 /* MADDTests */ = {
			isa = PBXNativeTarget;
			buildConfigurationList = 2E7FDE162BD0061E0007B6A5 /* Build configuration list for PBXNativeTarget "MADDTests" */;
			buildPhases = (
				2E7FDDFB2BD0061D0007B6A5 /* Sources */,
				2E7FDDFC2BD0061D0007B6A5 /* Frameworks */,
				2E7FDDFD2BD0061D0007B6A5 /* Resources */,
			);
			buildRules = (
			);
			dependencies = (
				2E7FDE012BD0061D0007B6A5 /* PBXTargetDependency */,
			);
			name = MADDTests;
			productName = MADDTests;
			productReference = 2E7FDDFF2BD0061D0007B6A5 /* MADDTests.xctest */;
			productType = "com.apple.product-type.bundle.unit-test";
		};
		2E7FDE082BD0061D0007B6A5 /* MADDUITests */ = {
			isa = PBXNativeTarget;
			buildConfigurationList = 2E7FDE192BD0061E0007B6A5 /* Build configuration list for PBXNativeTarget "MADDUITests" */;
			buildPhases = (
				2E7FDE052BD0061D0007B6A5 /* Sources */,
				2E7FDE062BD0061D0007B6A5 /* Frameworks */,
				2E7FDE072BD0061D0007B6A5 /* Resources */,
			);
			buildRules = (
			);
			dependencies = (
				2E7FDE0B2BD0061D0007B6A5 /* PBXTargetDependency */,
			);
			name = MADDUITests;
			productName = MADDUITests;
			productReference = 2E7FDE092BD0061D0007B6A5 /* MADDUITests.xctest */;
			productType = "com.apple.product-type.bundle.ui-testing";
		};
/* End PBXNativeTarget section */

/* Begin PBXProject section */
		2E7FDDE72BD006160007B6A5 /* Project object */ = {
			isa = PBXProject;
			attributes = {
				BuildIndependentTargetsInParallel = 1;
				LastSwiftUpdateCheck = 1300;
				LastUpgradeCheck = 1300;
				TargetAttributes = {
					2E7FDDEE2BD006160007B6A5 = {
						CreatedOnToolsVersion = 13.0;
					};
					2E7FDDFE2BD0061D0007B6A5 = {
						CreatedOnToolsVersion = 13.0;
						TestTargetID = 2E7FDDEE2BD006160007B6A5;
					};
					2E7FDE082BD0061D0007B6A5 = {
						CreatedOnToolsVersion = 13.0;
						TestTargetID = 2E7FDDEE2BD006160007B6A5;
					};
				};
			};
			buildConfigurationList = 2E7FDDEA2BD006160007B6A5 /* Build configuration list for PBXProject "MADD" */;
			compatibilityVersion = "Xcode 13.0";
			developmentRegion = en;
			hasScannedForEncodings = 0;
			knownRegions = (
				en,
				Base,
			);
			mainGroup = 2E7FDDE62BD006160007B6A5;
			productRefGroup = 2E7FDDF02BD006170007B6A5 /* Products */;
			projectDirPath = "";
			projectRoot = "";
			targets = (
				2E7FDDEE2BD006160007B6A5 /* MADD */,
				2E7FDDFE2BD0061D0007B6A5 /* MADDTests */,
				2E7FDE082BD0061D0007B6A5 /* MADDUITests */,
			);
		};
/* End PBXProject section */

/* Begin PBXResourcesBuildPhase section */
		2E7FDDED2BD006160007B6A5 /* Resources */ = {
			isa = PBXResourcesBuildPhase;
			buildActionMask = 2147483647;
			files = (
				2E7FDDFA2BD0061C0007B6A5 /* Preview Assets.xcassets in Resources */,
				2E7FDDF72BD0061C0007B6A5 /* Assets.xcassets in Resources */,
			);
			runOnlyForDeploymentPostprocessing = 0;
		};
		2E7FDDFD2BD0061D0007B6A5 /* Resources */ = {
			isa = PBXResourcesBuildPhase;
			buildActionMask = 2147483647;
			files = (
			);
			runOnlyForDeploymentPostprocessing = 0;
		};
		2E7FDE072BD0061D0007B6A5 /* Resources */ = {
			isa = PBXResourcesBuildPhase;
			buildActionMask = 2147483647;
			files = (
			);
			runOnlyForDeploymentPostprocessing = 0;
		};
/* End PBXResourcesBuildPhase section */

/* Begin PBXSourcesBuildPhase section */
		2E7FDDEB2BD006160007B6A5 /* Sources */ = {
			isa = PBXSourcesBuildPhase;
			buildActionMask = 2147483647;
			files = (
				2E7FDDF52BD006170007B6A5 /* ContentView.swift in Sources */,
				2E7FDDF32BD006170007B6A5 /* MADDApp.swift in Sources */,
			);
			runOnlyForDeploymentPostprocessing = 0;
		};
		2E7FDDFB2BD0061D0007B6A5 /* Sources */ = {
			isa = PBXSourcesBuildPhase;
			buildActionMask = 2147483647;
			files = (
				2E7FDE042BD0061D0007B6A5 /* MADDTests.swift in Sources */,
			);
			runOnlyForDeploymentPostprocessing = 0;
		};
		2E7FDE052BD0061D0007B6A5 /* Sources */ = {
			isa = PBXSourcesBuildPhase;
			buildActionMask = 2147483647;
			files = (
				2E7FDE102BD0061E0007B6A5 /* MADDUITestsLaunchTests.swift in Sources */,
				2E7FDE0E2BD0061D0007B6A5 /* MADDUITests.swift in Sources */,
			);
			runOnlyForDeploymentPostprocessing = 0;
		};
/* End PBXSourcesBuildPhase section */

/* Begin PBXTargetDependency section */
		2E7FDE012BD0061D0007B6A5 /* PBXTargetDependency */ = {
			isa = PBXTargetDependency;
			target = 2E7FDDEE2BD006160007B6A5 /* MADD */;
			targetProxy = 2E7FDE002BD0061D0007B6A5 /* PBXContainerItemProxy */;
		};
		2E7FDE0B2BD0061D0007B6A5 /* PBXTargetDependency */ = {
			isa = PBXTargetDependency;
			target = 2E7FDDEE2BD006160007B6A5 /* MADD */;
			targetProxy = 2E7FDE0A2BD0061D0007B6A5 /* PBXContainerItemProxy */;
		};
/* End PBXTargetDependency section */

/* Begin XCBuildConfiguration section */
		2E7FDE112BD0061E0007B6A5 /* Debug */ = {
			isa = XCBuildConfiguration;
			buildSettings = {
				ALWAYS_SEARCH_USER_PATHS = NO;
				CLANG_ANALYZER_NONNULL = YES;
				CLANG_ANALYZER_NUMBER_OBJECT_CONVERSION = YES_AGGRESSIVE;
				CLANG_CXX_LANGUAGE_STANDARD = "gnu++17";
				CLANG_CXX_LIBRARY = "libc++";
				CLANG_ENABLE_MODULES = YES;
				CLANG_ENABLE_OBJC_ARC = YES;
				CLANG_ENABLE_OBJC_WEAK = YES;
				CLANG_WARN_BLOCK_CAPTURE_AUTORELEASING = YES;
				CLANG_WARN_BOOL_CONVERSION = YES;
				CLANG_WARN_COMMA = YES;
				CLANG_WARN_CONSTANT_CONVERSION = YES;
				CLANG_WARN_DEPRECATED_OBJC_IMPLEMENTATIONS = YES;
				CLANG_WARN_DIRECT_OBJC_ISA_USAGE = YES_ERROR;
				CLANG_WARN_DOCUMENTATION_COMMENTS = YES;
				CLANG_WARN_EMPTY_BODY = YES;
				CLANG_WARN_ENUM_CONVERSION = YES;
				CLANG_WARN_INFINITE_RECURSION = YES;
				CLANG_WARN_INT_CONVERSION = YES;
				CLANG_WARN_NON_LITERAL_NULL_CONVERSION = YES;
				CLANG_WARN_OBJC_IMPLICIT_RETAIN_SELF = YES;
				CLANG_WARN_OBJC_LITERAL_CONVERSION = YES;
				CLANG_WARN_OBJC_ROOT_CLASS = YES_ERROR;
				CLANG_WARN_QUOTED_INCLUDE_IN_FRAMEWORK_HEADER = YES;
				CLANG_WARN_RANGE_LOOP_ANALYSIS = YES;
				CLANG_WARN_STRICT_PROTOTYPES = YES;
				CLANG_WARN_SUSPICIOUS_MOVE = YES;
				CLANG_WARN_UNGUARDED_AVAILABILITY = YES_AGGRESSIVE;
				CLANG_WARN_UNREACHABLE_CODE = YES;
				CLANG_WARN__DUPLICATE_METHOD_MATCH = YES;
				COPY_PHASE_STRIP = NO;
				DEBUG_INFORMATION_FORMAT = dwarf;
				ENABLE_STRICT_OBJC_MSGSEND = YES;
				ENABLE_TESTABILITY = YES;
				GCC_C_LANGUAGE_STANDARD = gnu11;
				GCC_DYNAMIC_NO_PIC = NO;
				GCC_NO_COMMON_BLOCKS = YES;
				GCC_OPTIMIZATION_LEVEL = 0;
				GCC_PREPROCESSOR_DEFINITIONS = (
					"DEBUG=1",
					"$(inherited)",
				);
				GCC_WARN_64_TO_32_BIT_CONVERSION = YES;
				GCC_WARN_ABOUT_RETURN_TYPE = YES_ERROR;
				GCC_WARN_UNDECLARED_SELECTOR = YES;
				GCC_WARN_UNINITIALIZED_AUTOS = YES_AGGRESSIVE;
				GCC_WARN_UNUSED_FUNCTION = YES;
				GCC_WARN_UNUSED_VARIABLE = YES;
				IPHONEOS_DEPLOYMENT_TARGET = 15.0;
				MTL_ENABLE_DEBUG_INFO = INCLUDE_SOURCE;
				MTL_FAST_MATH = YES;
				ONLY_ACTIVE_ARCH = YES;
				SDKROOT = iphoneos;
				SWIFT_ACTIVE_COMPILATION_CONDITIONS = DEBUG;
				SWIFT_OPTIMIZATION_LEVEL = "-Onone";
			};
			name = Debug;
		};
		2E7FDE122BD0061E0007B6A5 /* Release */ = {
			isa = XCBuildConfiguration;
			buildSettings = {
				ALWAYS_SEARCH_USER_PATHS = NO;
				CLANG_ANALYZER_NONNULL = YES;
				CLANG_ANALYZER_NUMBER_OBJECT_CONVERSION = YES_AGGRESSIVE;
				CLANG_CXX_LANGUAGE_STANDARD = "gnu++17";
				CLANG_CXX_LIBRARY = "libc++";
				CLANG_ENABLE_MODULES = YES;
				CLANG_ENABLE_OBJC_ARC = YES;
				CLANG_ENABLE_OBJC_WEAK = YES;
				CLANG_WARN_BLOCK_CAPTURE_AUTORELEASING = YES;
				CLANG_WARN_BOOL_CONVERSION = YES;
				CLANG_WARN_COMMA = YES;
				CLANG_WARN_CONSTANT_CONVERSION = YES;
				CLANG_WARN_DEPRECATED_OBJC_IMPLEMENTATIONS = YES;
				CLANG_WARN_DIRECT_OBJC_ISA_USAGE = YES_ERROR;
				CLANG_WARN_DOCUMENTATION_COMMENTS = YES;
				CLANG_WARN_EMPTY_BODY = YES;
				CLANG_WARN_ENUM_CONVERSION = YES;
				CLANG_WARN_INFINITE_RECURSION = YES;
				CLANG_WARN_INT_CONVERSION = YES;
				CLANG_WARN_NON_LITERAL_NULL_CONVERSION = YES;
				CLANG_WARN_OBJC_IMPLICIT_RETAIN_SELF = YES;
				CLANG_WARN_OBJC_LITERAL_CONVERSION = YES;
				CLANG_WARN_OBJC_ROOT_CLASS = YES_ERROR;
				CLANG_WARN_QUOTED_INCLUDE_IN_FRAMEWORK_HEADER = YES;
				CLANG_WARN_RANGE_LOOP_ANALYSIS = YES;
				CLANG_WARN_STRICT_PROTOTYPES = YES;
				CLANG_WARN_SUSPICIOUS_MOVE = YES;
				CLANG_WARN_UNGUARDED_AVAILABILITY = YES_AGGRESSIVE;
				CLANG_WARN_UNREACHABLE_CODE = YES;
				CLANG_WARN__DUPLICATE_METHOD_MATCH = YES;
				COPY_PHASE_STRIP = NO;
				DEBUG_INFORMATION_FORMAT = "dwarf-with-dsym";
				ENABLE_NS_ASSERTIONS = NO;
				ENABLE_STRICT_OBJC_MSGSEND = YES;
				GCC_C_LANGUAGE_STANDARD = gnu11;
				GCC_NO_COMMON_BLOCKS = YES;
				GCC_WARN_64_TO_32_BIT_CONVERSION = YES;
				GCC_WARN_ABOUT_RETURN_TYPE = YES_ERROR;
				GCC_WARN_UNDECLARED_SELECTOR = YES;
				GCC_WARN_UNINITIALIZED_AUTOS = YES_AGGRESSIVE;
				GCC_WARN_UNUSED_FUNCTION = YES;
				GCC_WARN_UNUSED_VARIABLE = YES;
				IPHONEOS_DEPLOYMENT_TARGET = 15.0;
				MTL_ENABLE_DEBUG_INFO = NO;
				MTL_FAST_MATH = YES;
				SDKROOT = iphoneos;
				SWIFT_COMPILATION_MODE = wholemodule;
				SWIFT_OPTIMIZATION_LEVEL = "-O";
				VALIDATE_PRODUCT = YES;
			};
			name = Release;
		};
		2E7FDE142BD0061E0007B6A5 /* Debug */ = {
			isa = XCBuildConfiguration;
			buildSettings = {
				ASSETCATALOG_COMPILER_APPICON_NAME = AppIcon;
				ASSETCATALOG_COMPILER_GLOBAL_ACCENT_COLOR_NAME = AccentColor;
				CODE_SIGN_STYLE = Automatic;
				CURRENT_PROJECT_VERSION = 1;
				DEVELOPMENT_ASSET_PATHS = "\"MADD/Preview Content\"";
				ENABLE_PREVIEWS = YES;
				GENERATE_INFOPLIST_FILE = YES;
				INFOPLIST_KEY_UIApplicationSceneManifest_Generation = YES;
				INFOPLIST_KEY_UIApplicationSupportsIndirectInputEvents = YES;
				INFOPLIST_KEY_UILaunchScreen_Generation = YES;
				INFOPLIST_KEY_UISupportedInterfaceOrientations_iPad = "UIInterfaceOrientationPortrait UIInterfaceOrientationPortraitUpsideDown UIInterfaceOrientationLandscapeLeft UIInterfaceOrientationLandscapeRight";
				INFOPLIST_KEY_UISupportedInterfaceOrientations_iPhone = "UIInterfaceOrientationPortrait UIInterfaceOrientationLandscapeLeft UIInterfaceOrientationLandscapeRight";
				IPHONEOS_DEPLOYMENT_TARGET = 14.0;
				LD_RUNPATH_SEARCH_PATHS = (
					"$(inherited)",
					"@executable_path/Frameworks",
				);
				MARKETING_VERSION = 1.0;
				PRODUCT_BUNDLE_IDENTIFIER = com.application.MADD;
				PRODUCT_NAME = "$(TARGET_NAME)";
				SWIFT_EMIT_LOC_STRINGS = YES;
				SWIFT_VERSION = 5.0;
				TARGETED_DEVICE_FAMILY = "1,2";
			};
			name = Debug;
		};
		2E7FDE152BD0061E0007B6A5 /* Release */ = {
			isa = XCBuildConfiguration;
			buildSettings = {
				ASSETCATALOG_COMPILER_APPICON_NAME = AppIcon;
				ASSETCATALOG_COMPILER_GLOBAL_ACCENT_COLOR_NAME = AccentColor;
				CODE_SIGN_STYLE = Automatic;
				CURRENT_PROJECT_VERSION = 1;
				DEVELOPMENT_ASSET_PATHS = "\"MADD/Preview Content\"";
				ENABLE_PREVIEWS = YES;
				GENERATE_INFOPLIST_FILE = YES;
				INFOPLIST_KEY_UIApplicationSceneManifest_Generation = YES;
				INFOPLIST_KEY_UIApplicationSupportsIndirectInputEvents = YES;
				INFOPLIST_KEY_UILaunchScreen_Generation = YES;
				INFOPLIST_KEY_UISupportedInterfaceOrientations_iPad = "UIInterfaceOrientationPortrait UIInterfaceOrientationPortraitUpsideDown UIInterfaceOrientationLandscapeLeft UIInterfaceOrientationLandscapeRight";
				INFOPLIST_KEY_UISupportedInterfaceOrientations_iPhone = "UIInterfaceOrientationPortrait UIInterfaceOrientationLandscapeLeft UIInterfaceOrientationLandscapeRight";
				IPHONEOS_DEPLOYMENT_TARGET = 14.0;
				LD_RUNPATH_SEARCH_PATHS = (
					"$(inherited)",
					"@executable_path/Frameworks",
				);
				MARKETING_VERSION = 1.0;
				PRODUCT_BUNDLE_IDENTIFIER = com.application.MADD;
				PRODUCT_NAME = "$(TARGET_NAME)";
				SWIFT_EMIT_LOC_STRINGS = YES;
				SWIFT_VERSION = 5.0;
				TARGETED_DEVICE_FAMILY = "1,2";
			};
			name = Release;
		};
		2E7FDE172BD0061E0007B6A5 /* Debug */ = {
			isa = XCBuildConfiguration;
			buildSettings = {
				ALWAYS_EMBED_SWIFT_STANDARD_LIBRARIES = YES;
				BUNDLE_LOADER = "$(TEST_HOST)";
				CODE_SIGN_STYLE = Automatic;
				CURRENT_PROJECT_VERSION = 1;
				GENERATE_INFOPLIST_FILE = YES;
				IPHONEOS_DEPLOYMENT_TARGET = 14.0;
				LD_RUNPATH_SEARCH_PATHS = (
					"$(inherited)",
					"@executable_path/Frameworks",
					"@loader_path/Frameworks",
				);
				MARKETING_VERSION = 1.0;
				PRODUCT_BUNDLE_IDENTIFIER = com.application.MADDTests;
				PRODUCT_NAME = "$(TARGET_NAME)";
				SWIFT_EMIT_LOC_STRINGS = NO;
				SWIFT_VERSION = 5.0;
				TARGETED_DEVICE_FAMILY = "1,2";
				TEST_HOST = "$(BUILT_PRODUCTS_DIR)/MADD.app/MADD";
			};
			name = Debug;
		};
		2E7FDE182BD0061E0007B6A5 /* Release */ = {
			isa = XCBuildConfiguration;
			buildSettings = {
				ALWAYS_EMBED_SWIFT_STANDARD_LIBRARIES = YES;
				BUNDLE_LOADER = "$(TEST_HOST)";
				CODE_SIGN_STYLE = Automatic;
				CURRENT_PROJECT_VERSION = 1;
				GENERATE_INFOPLIST_FILE = YES;
				IPHONEOS_DEPLOYMENT_TARGET = 14.0;
				LD_RUNPATH_SEARCH_PATHS = (
					"$(inherited)",
					"@executable_path/Frameworks",
					"@loader_path/Frameworks",
				);
				MARKETING_VERSION = 1.0;
				PRODUCT_BUNDLE_IDENTIFIER = com.application.MADDTests;
				PRODUCT_NAME = "$(TARGET_NAME)";
				SWIFT_EMIT_LOC_STRINGS = NO;
				SWIFT_VERSION = 5.0;
				TARGETED_DEVICE_FAMILY = "1,2";
				TEST_HOST = "$(BUILT_PRODUCTS_DIR)/MADD.app/MADD";
			};
			name = Release;
		};
		2E7FDE1A2BD0061E0007B6A5 /* Debug */ = {
			isa = XCBuildConfiguration;
			buildSettings = {
				ALWAYS_EMBED_SWIFT_STANDARD_LIBRARIES = YES;
				CODE_SIGN_STYLE = Automatic;
				CURRENT_PROJECT_VERSION = 1;
				GENERATE_INFOPLIST_FILE = YES;
				LD_RUNPATH_SEARCH_PATHS = (
					"$(inherited)",
					"@executable_path/Frameworks",
					"@loader_path/Frameworks",
				);
				MARKETING_VERSION = 1.0;
				PRODUCT_BUNDLE_IDENTIFIER = com.application.MADDUITests;
				PRODUCT_NAME = "$(TARGET_NAME)";
				SWIFT_EMIT_LOC_STRINGS = NO;
				SWIFT_VERSION = 5.0;
				TARGETED_DEVICE_FAMILY = "1,2";
				TEST_TARGET_NAME = MADD;
			};
			name = Debug;
		};
		2E7FDE1B2BD0061E0007B6A5 /* Release */ = {
			isa = XCBuildConfiguration;
			buildSettings = {
				ALWAYS_EMBED_SWIFT_STANDARD_LIBRARIES = YES;
				CODE_SIGN_STYLE = Automatic;
				CURRENT_PROJECT_VERSION = 1;
				GENERATE_INFOPLIST_FILE = YES;
				LD_RUNPATH_SEARCH_PATHS = (
					"$(inherited)",
					"@executable_path/Frameworks",
					"@loader_path/Frameworks",
				);
				MARKETING_VERSION = 1.0;
				PRODUCT_BUNDLE_IDENTIFIER = com.application.MADDUITests;
				PRODUCT_NAME = "$(TARGET_NAME)";
				SWIFT_EMIT_LOC_STRINGS = NO;
				SWIFT_VERSION = 5.0;
				TARGETED_DEVICE_FAMILY = "1,2";
				TEST_TARGET_NAME = MADD;
			};
			name = Release;
		};
/* End XCBuildConfiguration section */

/* Begin XCConfigurationList section */
		2E7FDDEA2BD006160007B6A5 /* Build configuration list for PBXProject "MADD" */ = {
			isa = XCConfigurationList;
			buildConfigurations = (
				2E7FDE112BD0061E0007B6A5 /* Debug */,
				2E7FDE122BD0061E0007B6A5 /* Release */,
			);
			defaultConfigurationIsVisible = 0;
			defaultConfigurationName = Release;
		};
		2E7FDE132BD0061E0007B6A5 /* Build configuration list for PBXNativeTarget "MADD" */ = {
			isa = XCConfigurationList;
			buildConfigurations = (
				2E7FDE142BD0061E0007B6A5 /* Debug */,
				2E7FDE152BD0061E0007B6A5 /* Release */,
			);
			defaultConfigurationIsVisible = 0;
			defaultConfigurationName = Release;
		};
		2E7FDE162BD0061E0007B6A5 /* Build configuration list for PBXNativeTarget "MADDTests" */ = {
			isa = XCConfigurationList;
			buildConfigurations = (
				2E7FDE172BD0061E0007B6A5 /* Debug */,
				2E7FDE182BD0061E0007B6A5 /* Release */,
			);
			defaultConfigurationIsVisible = 0;
			defaultConfigurationName = Release;
		};
		2E7FDE192BD0061E0007B6A5 /* Build configuration list for PBXNativeTarget "MADDUITests" */ = {
			isa = XCConfigurationList;
			buildConfigurations = (
				2E7FDE1A2BD0061E0007B6A5 /* Debug */,
				2E7FDE1B2BD0061E0007B6A5 /* Release */,
			);
			defaultConfigurationIsVisible = 0;
			defaultConfigurationName = Release;
		};
/* End XCConfigurationList section */
	};
	rootObject = 2E7FDDE72BD006160007B6A5 /* Project object */;
}
